
Microsoft Visual Studio Solution File, Format Version 11.00
# Visual Studio 2010
Project("{FAE04EC0-301F-11D3-BF4B-00C04F79EFBC}") = "Assembly-CSharp", "Assembly-CSharp.csproj", "{fa807f4c-55e8-d20a-55f0-7c73ff65cf0c}"
EndProject
Project("{FAE04EC0-301F-11D3-BF4B-00C04F79EFBC}") = "Assembly-CSharp-Editor", "Assembly-CSharp-Editor.csproj", "{e5f141d5-5f38-a8c7-31dd-1b770e349c9e}"
EndProject
Project("{FAE04EC0-301F-11D3-BF4B-00C04F79EFBC}") = "TextToTMP.Editor", "TextToTMP.Editor.csproj", "{4e7d6bd6-bdda-3ba9-7a1d-5e31cd9c27f5}"
EndProject
Global
	GlobalSection(SolutionConfigurationPlatforms) = preSolution
		Debug|Any CPU = Debug|Any CPU
	EndGlobalSection
	GlobalSection(ProjectConfigurationPlatforms) = postSolution
		{fa807f4c-55e8-d20a-55f0-7c73ff65cf0c}.Debug|Any CPU.ActiveCfg = Debug|Any CPU
		{fa807f4c-55e8-d20a-55f0-7c73ff65cf0c}.Debug|Any CPU.Build.0 = Debug|Any CPU
		{e5f141d5-5f38-a8c7-31dd-1b770e349c9e}.Debug|Any CPU.ActiveCfg = Debug|Any CPU
		{e5f141d5-5f38-a8c7-31dd-1b770e349c9e}.Debug|Any CPU.Build.0 = Debug|Any CPU
		{4e7d6bd6-bdda-3ba9-7a1d-5e31cd9c27f5}.Debug|Any CPU.ActiveCfg = Debug|Any CPU
		{4e7d6bd6-bdda-3ba9-7a1d-5e31cd9c27f5}.Debug|Any CPU.Build.0 = Debug|Any CPU
	EndGlobalSection
	GlobalSection(SolutionProperties) = preSolution
		HideSolutionNode = FALSE
	EndGlobalSection
EndGlobal
